PODS:
  - Alamofire (5.0.0-beta.6)
  - CryptoSwift (1.0.0)
  - Hue (5.0.0)
  - KeychainAccess (3.2.0)
  - Kingfisher (5.5.0)
  - Permission (2.0.4):
    - Permission/Core (= 2.0.4)
  - Permission/Core (2.0.4)
  - PromiseKit/CorePromise (6.8.4)
  - SnapKit (5.0.0)
  - SwiftyJSON (4.3.0)

DEPENDENCIES:
  - Alamofire (~> 5.0.0-beta.5)
  - CryptoSwift
  - Hue
  - KeychainAccess
  - Kingfisher (~> 5.0)
  - Permission
  - PromiseKit/CorePromise (~> 6.8)
  - SnapKit (~> 5.0.0)
  - SwiftyJSON (~> 4.0)

SPEC REPOS:
  https://github.com/cocoapods/specs.git:
    - Alamofire
    - CryptoSwift
    - Hue
    - KeychainAccess
    - Kingfisher
    - Permission
    - PromiseKit
    - SnapKit
    - SwiftyJSON

SPEC CHECKSUMS:
  Alamofire: cd08a4402bd12cacd0c66f23fb12fec8d6b965e4
  CryptoSwift: d81eeaa59dc5a8d03720fe919a6fd07b51f7439f
  Hue: c129cb67be7d093a82bbbc30ce8a96757bf6f37a
  KeychainAccess: 3b1bf8a77eb4c6ea1ce9404c292e48f948954c6b
  Kingfisher: 6fe5e67a90fd335e49b0f5c075ff55ac5ebedd94
  Permission: 6853b9694e66a6c9197468c66d1935c3629cbf9c
  PromiseKit: 51794a832647e7b819336dc2279039ce9f1cc49b
  SnapKit: fd22d10eb9aff484d79a8724eab922c1ddf89bcf
  SwiftyJSON: 6faa0040f8b59dead0ee07436cbf76b73c08fd08

PODFILE CHECKSUM: 506f24ff28f064e9d36412a879266beb829f3d77

COCOAPODS: 1.6.1
